{
  "object": {
    "pins": [
      {
        "package": "Enzyme",
        "repositoryURL": "https://github.com/ebubekirsezer/Enzyme",
        "state": {
          "branch": null,
          "revision": "25a912474f7c0cbc24d31008a3c5e20ebc7498ff",
          "version": "1.0.1"
        }
      }
    ]
  },
  "version": 1
}
