// !$*UTF8*$!
{
	archiveVersion = 1;
	classes = {
	};
	objectVersion = 55;
	objects = {

/* Begin PBXBuildFile section */
		CFCFE2972777A48E0091C8A5 /* AppDelegate.swift in Sources */ = {isa = PBXBuildFile; fileRef = CFCFE2962777A48E0091C8A5 /* AppDelegate.swift */; };
		CFCFE2992777A48E0091C8A5 /* SceneDelegate.swift in Sources */ = {isa = PBXBuildFile; fileRef = CFCFE2982777A48E0091C8A5 /* SceneDelegate.swift */; };
		CFCFE29B2777A48E0091C8A5 /* ViewController.swift in Sources */ = {isa = PBXBuildFile; fileRef = CFCFE29A2777A48E0091C8A5 /* ViewController.swift */; };
		CFCFE29E2777A48E0091C8A5 /* Main.storyboard in Resources */ = {isa = PBXBuildFile; fileRef = CFCFE29C2777A48E0091C8A5 /* Main.storyboard */; };
		CFCFE2A02777A4900091C8A5 /* Assets.xcassets in Resources */ = {isa = PBXBuildFile; fileRef = CFCFE29F2777A4900091C8A5 /* Assets.xcassets */; };
		CFCFE2A32777A4900091C8A5 /* LaunchScreen.storyboard in Resources */ = {isa = PBXBuildFile; fileRef = CFCFE2A12777A4900091C8A5 /* LaunchScreen.storyboard */; };
		CFCFE2B42779AF990091C8A5 /* Enzyme in Frameworks */ = {isa = PBXBuildFile; productRef = CFCFE2B32779AF990091C8A5 /* Enzyme */; };
/* End PBXBuildFile section */

/* Begin PBXFileReference section */
		CFCFE2932777A48E0091C8A5 /* SampleEnzymeApp.app */ = {isa = PBXFileReference; explicitFileType = wrapper.application; includeInIndex = 0; path = SampleEnzymeApp.app; sourceTree = BUILT_PRODUCTS_DIR; };
		CFCFE2962777A48E0091C8A5 /* AppDelegate.swift */ = {isa = PBXFileReference; lastKnownFileType = sourcecode.swift; path = AppDelegate.swift; sourceTree = "<group>"; };
		CFCFE2982777A48E0091C8A5 /* SceneDelegate.swift */ = {isa = PBXFileReference; lastKnownFileType = sourcecode.swift; path = SceneDelegate.swift; sourceTree = "<group>"; };
		CFCFE29A2777A48E0091C8A5 /* ViewController.swift */ = {isa = PBXFileReference; lastKnownFileType = sourcecode.swift; path = ViewController.swift; sourceTree = "<group>"; };
		CFCFE29D2777A48E0091C8A5 /* Base */ = {isa = PBXFileReference; lastKnownFileType = file.storyboard; name = Base; path = Base.lproj/Main.storyboard; sourceTree = "<group>"; };
		CFCFE29F2777A4900091C8A5 /* Assets.xcassets */ = {isa = PBXFileReference; lastKnownFileType = folder.assetcatalog; path = Assets.xcassets; sourceTree = "<group>"; };
		CFCFE2A22777A4900091C8A5 /* Base */ = {isa = PBXFileReference; lastKnownFileType = file.storyboard; name = Base; path = Base.lproj/LaunchScreen.storyboard; sourceTree = "<group>"; };
		CFCFE2A42777A4900091C8A5 /* Info.plist */ = {isa = PBXFileReference; lastKnownFileType = text.plist.xml; path = Info.plist; sourceTree = "<group>"; };
/* End PBXFileReference section */

/* Begin PBXFrameworksBuildPhase section */
		CFCFE2902777A48E0091C8A5 /* Frameworks */ = {
			isa = PBXFrameworksBuildPhase;
			buildActionMask = 2147483647;
			files = (
				CFCFE2B42779AF990091C8A5 /* Enzyme in Frameworks */,
			);
			runOnlyForDeploymentPostprocessing = 0;
		};
/* End PBXFrameworksBuildPhase section */

/* Begin PBXGroup section */
		CFCFE28A2777A48E0091C8A5 = {
			isa = PBXGroup;
			children = (
				CFCFE2952777A48E0091C8A5 /* SampleEnzymeApp */,
				CFCFE2942777A48E0091C8A5 /* Products */,
			);
			sourceTree = "<group>";
		};
		CFCFE2942777A48E0091C8A5 /* Products */ = {
			isa = PBXGroup;
			children = (
				CFCFE2932777A48E0091C8A5 /* SampleEnzymeApp.app */,
			);
			name = Products;
			sourceTree = "<group>";
		};
		CFCFE2952777A48E0091C8A5 /* SampleEnzymeApp */ = {
			isa = PBXGroup;
			children = (
				CFCFE2962777A48E0091C8A5 /* AppDelegate.swift */,
				CFCFE2982777A48E0091C8A5 /* SceneDelegate.swift */,
				CFCFE29A2777A48E0091C8A5 /* ViewController.swift */,
				CFCFE29C2777A48E0091C8A5 /* Main.storyboard */,
				CFCFE29F2777A4900091C8A5 /* Assets.xcassets */,
				CFCFE2A12777A4900091C8A5 /* LaunchScreen.storyboard */,
				CFCFE2A42777A4900091C8A5 /* Info.plist */,
			);
			path = SampleEnzymeApp;
			sourceTree = "<group>";
		};
/* End PBXGroup section */

/* Begin PBXNativeTarget section */
		CFCFE2922777A48E0091C8A5 /* SampleEnzymeApp */ = {
			isa = PBXNativeTarget;
			buildConfigurationList = CFCFE2A72777A4900091C8A5 /* Build configuration list for PBXNativeTarget "SampleEnzymeApp" */;
			buildPhases = (
				CFCFE28F2777A48E0091C8A5 /* Sources */,
				CFCFE2902777A48E0091C8A5 /* Frameworks */,
				CFCFE2912777A48E0091C8A5 /* Resources */,
			);
			buildRules = (
			);
			dependencies = (
			);
			name = SampleEnzymeApp;
			packageProductDependencies = (
				CFCFE2B32779AF990091C8A5 /* Enzyme */,
			);
			productName = SampleEnzymeApp;
			productReference = CFCFE2932777A48E0091C8A5 /* SampleEnzymeApp.app */;
			productType = "com.apple.product-type.application";
		};
/* End PBXNativeTarget section */

/* Begin PBXProject section */
		CFCFE28B2777A48E0091C8A5 /* Project object */ = {
			isa = PBXProject;
			attributes = {
				BuildIndependentTargetsInParallel = 1;
				LastSwiftUpdateCheck = 1310;
				LastUpgradeCheck = 1310;
				TargetAttributes = {
					CFCFE2922777A48E0091C8A5 = {
						CreatedOnToolsVersion = 13.1;
					};
				};
			};
			buildConfigurationList = CFCFE28E2777A48E0091C8A5 /* Build configuration list for PBXProject "SampleEnzymeApp" */;
			compatibilityVersion = "Xcode 13.0";
			developmentRegion = en;
			hasScannedForEncodings = 0;
			knownRegions = (
				en,
				Base,
			);
			mainGroup = CFCFE28A2777A48E0091C8A5;
			packageReferences = (
				CFCFE2B22779AF990091C8A5 /* XCRemoteSwiftPackageReference "Enzyme" */,
			);
			productRefGroup = CFCFE2942777A48E0091C8A5 /* Products */;
			projectDirPath = "";
			projectRoot = "";
			targets = (
				CFCFE2922777A48E0091C8A5 /* SampleEnzymeApp */,
			);
		};
/* End PBXProject section */

/* Begin PBXResourcesBuildPhase section */
		CFCFE2912777A48E0091C8A5 /* Resources */ = {
			isa = PBXResourcesBuildPhase;
			buildActionMask = 2147483647;
			files = (
				CFCFE2A32777A4900091C8A5 /* LaunchScreen.storyboard in Resources */,
				CFCFE2A02777A4900091C8A5 /* Assets.xcassets in Resources */,
				CFCFE29E2777A48E0091C8A5 /* Main.storyboard in Resources */,
			);
			runOnlyForDeploymentPostprocessing = 0;
		};
/* End PBXResourcesBuildPhase section */

/* Begin PBXSourcesBuildPhase section */
		CFCFE28F2777A48E0091C8A5 /* Sources */ = {
			isa = PBXSourcesBuildPhase;
			buildActionMask = 2147483647;
			files = (
				CFCFE29B2777A48E0091C8A5 /* ViewController.swift in Sources */,
				CFCFE2972777A48E0091C8A5 /* AppDelegate.swift in Sources */,
				CFCFE2992777A48E0091C8A5 /* SceneDelegate.swift in Sources */,
			);
			runOnlyForDeploymentPostprocessing = 0;
		};
/* End PBXSourcesBuildPhase section */

/* Begin PBXVariantGroup section */
		CFCFE29C2777A48E0091C8A5 /* Main.storyboard */ = {
			isa = PBXVariantGroup;
			children = (
				CFCFE29D2777A48E0091C8A5 /* Base */,
			);
			name = Main.storyboard;
			sourceTree = "<group>";
		};
		CFCFE2A12777A4900091C8A5 /* LaunchScreen.storyboard */ = {
			isa = PBXVariantGroup;
			children = (
				CFCFE2A22777A4900091C8A5 /* Base */,
			);
			name = LaunchScreen.storyboard;
			sourceTree = "<group>";
		};
/* End PBXVariantGroup section */

/* Begin XCBuildConfiguration section */
		CFCFE2A52777A4900091C8A5 /* Debug */ = {
			isa = XCBuildConfiguration;
			buildSettings = {
				ALWAYS_SEARCH_USER_PATHS = NO;
				CLANG_ANALYZER_NONNULL = YES;
				CLANG_ANALYZER_NUMBER_OBJECT_CONVERSION = YES_AGGRESSIVE;
				CLANG_CXX_LANGUAGE_STANDARD = "gnu++17";
				CLANG_CXX_LIBRARY = "libc++";
				CLANG_ENABLE_MODULES = YES;
				CLANG_ENABLE_OBJC_ARC = YES;
				CLANG_ENABLE_OBJC_WEAK = YES;
				CLANG_WARN_BLOCK_CAPTURE_AUTORELEASING = YES;
				CLANG_WARN_BOOL_CONVERSION = YES;
				CLANG_WARN_COMMA = YES;
				CLANG_WARN_CONSTANT_CONVERSION = YES;
				CLANG_WARN_DEPRECATED_OBJC_IMPLEMENTATIONS = YES;
				CLANG_WARN_DIRECT_OBJC_ISA_USAGE = YES_ERROR;
				CLANG_WARN_DOCUMENTATION_COMMENTS = YES;
				CLANG_WARN_EMPTY_BODY = YES;
				CLANG_WARN_ENUM_CONVERSION = YES;
				CLANG_WARN_INFINITE_RECURSION = YES;
				CLANG_WARN_INT_CONVERSION = YES;
				CLANG_WARN_NON_LITERAL_NULL_CONVERSION = YES;
				CLANG_WARN_OBJC_IMPLICIT_RETAIN_SELF = YES;
				CLANG_WARN_OBJC_LITERAL_CONVERSION = YES;
				CLANG_WARN_OBJC_ROOT_CLASS = YES_ERROR;
				CLANG_WARN_QUOTED_INCLUDE_IN_FRAMEWORK_HEADER = YES;
				CLANG_WARN_RANGE_LOOP_ANALYSIS = YES;
				CLANG_WARN_STRICT_PROTOTYPES = YES;
				CLANG_WARN_SUSPICIOUS_MOVE = YES;
				CLANG_WARN_UNGUARDED_AVAILABILITY = YES_AGGRESSIVE;
				CLANG_WARN_UNREACHABLE_CODE = YES;
				CLANG_WARN__DUPLICATE_METHOD_MATCH = YES;
				COPY_PHASE_STRIP = NO;
				DEBUG_INFORMATION_FORMAT = dwarf;
				ENABLE_STRICT_OBJC_MSGSEND = YES;
				ENABLE_TESTABILITY = YES;
				GCC_C_LANGUAGE_STANDARD = gnu11;
				GCC_DYNAMIC_NO_PIC = NO;
				GCC_NO_COMMON_BLOCKS = YES;
				GCC_OPTIMIZATION_LEVEL = 0;
				GCC_PREPROCESSOR_DEFINITIONS = (
					"DEBUG=1",
					"$(inherited)",
				);
				GCC_WARN_64_TO_32_BIT_CONVERSION = YES;
				GCC_WARN_ABOUT_RETURN_TYPE = YES_ERROR;
				GCC_WARN_UNDECLARED_SELECTOR = YES;
				GCC_WARN_UNINITIALIZED_AUTOS = YES_AGGRESSIVE;
				GCC_WARN_UNUSED_FUNCTION = YES;
				GCC_WARN_UNUSED_VARIABLE = YES;
				IPHONEOS_DEPLOYMENT_TARGET = 15.0;
				MTL_ENABLE_DEBUG_INFO = INCLUDE_SOURCE;
				MTL_FAST_MATH = YES;
				ONLY_ACTIVE_ARCH = YES;
				SDKROOT = iphoneos;
				SWIFT_ACTIVE_COMPILATION_CONDITIONS = DEBUG;
				SWIFT_OPTIMIZATION_LEVEL = "-Onone";
			};
			name = Debug;
		};
		CFCFE2A62777A4900091C8A5 /* Release */ = {
			isa = XCBuildConfiguration;
			buildSettings = {
				ALWAYS_SEARCH_USER_PATHS = NO;
				CLANG_ANALYZER_NONNULL = YES;
				CLANG_ANALYZER_NUMBER_OBJECT_CONVERSION = YES_AGGRESSIVE;
				CLANG_CXX_LANGUAGE_STANDARD = "gnu++17";
				CLANG_CXX_LIBRARY = "libc++";
				CLANG_ENABLE_MODULES = YES;
				CLANG_ENABLE_OBJC_ARC = YES;
				CLANG_ENABLE_OBJC_WEAK = YES;
				CLANG_WARN_BLOCK_CAPTURE_AUTORELEASING = YES;
				CLANG_WARN_BOOL_CONVERSION = YES;
				CLANG_WARN_COMMA = YES;
				CLANG_WARN_CONSTANT_CONVERSION = YES;
				CLANG_WARN_DEPRECATED_OBJC_IMPLEMENTATIONS = YES;
				CLANG_WARN_DIRECT_OBJC_ISA_USAGE = YES_ERROR;
				CLANG_WARN_DOCUMENTATION_COMMENTS = YES;
				CLANG_WARN_EMPTY_BODY = YES;
				CLANG_WARN_ENUM_CONVERSION = YES;
				CLANG_WARN_INFINITE_RECURSION = YES;
				CLANG_WARN_INT_CONVERSION = YES;
				CLANG_WARN_NON_LITERAL_NULL_CONVERSION = YES;
				CLANG_WARN_OBJC_IMPLICIT_RETAIN_SELF = YES;
				CLANG_WARN_OBJC_LITERAL_CONVERSION = YES;
				CLANG_WARN_OBJC_ROOT_CLASS = YES_ERROR;
				CLANG_WARN_QUOTED_INCLUDE_IN_FRAMEWORK_HEADER = YES;
				CLANG_WARN_RANGE_LOOP_ANALYSIS = YES;
				CLANG_WARN_STRICT_PROTOTYPES = YES;
				CLANG_WARN_SUSPICIOUS_MOVE = YES;
				CLANG_WARN_UNGUARDED_AVAILABILITY = YES_AGGRESSIVE;
				CLANG_WARN_UNREACHABLE_CODE = YES;
				CLANG_WARN__DUPLICATE_METHOD_MATCH = YES;
				COPY_PHASE_STRIP = NO;
				DEBUG_INFORMATION_FORMAT = "dwarf-with-dsym";
				ENABLE_NS_ASSERTIONS = NO;
				ENABLE_STRICT_OBJC_MSGSEND = YES;
				GCC_C_LANGUAGE_STANDARD = gnu11;
				GCC_NO_COMMON_BLOCKS = YES;
				GCC_WARN_64_TO_32_BIT_CONVERSION = YES;
				GCC_WARN_ABOUT_RETURN_TYPE = YES_ERROR;
				GCC_WARN_UNDECLARED_SELECTOR = YES;
				GCC_WARN_UNINITIALIZED_AUTOS = YES_AGGRESSIVE;
				GCC_WARN_UNUSED_FUNCTION = YES;
				GCC_WARN_UNUSED_VARIABLE = YES;
				IPHONEOS_DEPLOYMENT_TARGET = 15.0;
				MTL_ENABLE_DEBUG_INFO = NO;
				MTL_FAST_MATH = YES;
				SDKROOT = iphoneos;
				SWIFT_COMPILATION_MODE = wholemodule;
				SWIFT_OPTIMIZATION_LEVEL = "-O";
				VALIDATE_PRODUCT = YES;
			};
			name = Release;
		};
		CFCFE2A82777A4900091C8A5 /* Debug */ = {
			isa = XCBuildConfiguration;
			buildSettings = {
				ASSETCATALOG_COMPILER_APPICON_NAME = AppIcon;
				ASSETCATALOG_COMPILER_GLOBAL_ACCENT_COLOR_NAME = AccentColor;
				CODE_SIGN_STYLE = Automatic;
				CURRENT_PROJECT_VERSION = 1;
				DEVELOPMENT_TEAM = 4K2NLU38QM;
				GENERATE_INFOPLIST_FILE = YES;
				INFOPLIST_FILE = SampleEnzymeApp/Info.plist;
				INFOPLIST_KEY_UIApplicationSupportsIndirectInputEvents = YES;
				INFOPLIST_KEY_UILaunchStoryboardName = LaunchScreen;
				INFOPLIST_KEY_UIMainStoryboardFile = Main;
				INFOPLIST_KEY_UISupportedInterfaceOrientations_iPad = "UIInterfaceOrientationPortrait UIInterfaceOrientationPortraitUpsideDown UIInterfaceOrientationLandscapeLeft UIInterfaceOrientationLandscapeRight";
				INFOPLIST_KEY_UISupportedInterfaceOrientations_iPhone = "UIInterfaceOrientationPortrait UIInterfaceOrientationLandscapeLeft UIInterfaceOrientationLandscapeRight";
				LD_RUNPATH_SEARCH_PATHS = (
					"$(inherited)",
					"@executable_path/Frameworks",
				);
				MARKETING_VERSION = 1.0;
				PRODUCT_BUNDLE_IDENTIFIER = com.ebubekirsezer.SampleEnzymeApp;
				PRODUCT_NAME = "$(TARGET_NAME)";
				SWIFT_EMIT_LOC_STRINGS = YES;
				SWIFT_VERSION = 5.0;
				TARGETED_DEVICE_FAMILY = "1,2";
			};
			name = Debug;
		};
		CFCFE2A92777A4900091C8A5 /* Release */ = {
			isa = XCBuildConfiguration;
			buildSettings = {
				ASSETCATALOG_COMPILER_APPICON_NAME = AppIcon;
				ASSETCATALOG_COMPILER_GLOBAL_ACCENT_COLOR_NAME = AccentColor;
				CODE_SIGN_STYLE = Automatic;
				CURRENT_PROJECT_VERSION = 1;
				DEVELOPMENT_TEAM = 4K2NLU38QM;
				GENERATE_INFOPLIST_FILE = YES;
				INFOPLIST_FILE = SampleEnzymeApp/Info.plist;
				INFOPLIST_KEY_UIApplicationSupportsIndirectInputEvents = YES;
				INFOPLIST_KEY_UILaunchStoryboardName = LaunchScreen;
				INFOPLIST_KEY_UIMainStoryboardFile = Main;
				INFOPLIST_KEY_UISupportedInterfaceOrientations_iPad = "UIInterfaceOrientationPortrait UIInterfaceOrientationPortraitUpsideDown UIInterfaceOrientationLandscapeLeft UIInterfaceOrientationLandscapeRight";
				INFOPLIST_KEY_UISupportedInterfaceOrientations_iPhone = "UIInterfaceOrientationPortrait UIInterfaceOrientationLandscapeLeft UIInterfaceOrientationLandscapeRight";
				LD_RUNPATH_SEARCH_PATHS = (
					"$(inherited)",
					"@executable_path/Frameworks",
				);
				MARKETING_VERSION = 1.0;
				PRODUCT_BUNDLE_IDENTIFIER = com.ebubekirsezer.SampleEnzymeApp;
				PRODUCT_NAME = "$(TARGET_NAME)";
				SWIFT_EMIT_LOC_STRINGS = YES;
				SWIFT_VERSION = 5.0;
				TARGETED_DEVICE_FAMILY = "1,2";
			};
			name = Release;
		};
/* End XCBuildConfiguration section */

/* Begin XCConfigurationList section */
		CFCFE28E2777A48E0091C8A5 /* Build configuration list for PBXProject "SampleEnzymeApp" */ = {
			isa = XCConfigurationList;
			buildConfigurations = (
				CFCFE2A52777A4900091C8A5 /* Debug */,
				CFCFE2A62777A4900091C8A5 /* Release */,
			);
			defaultConfigurationIsVisible = 0;
			defaultConfigurationName = Release;
		};
		CFCFE2A72777A4900091C8A5 /* Build configuration list for PBXNativeTarget "SampleEnzymeApp" */ = {
			isa = XCConfigurationList;
			buildConfigurations = (
				CFCFE2A82777A4900091C8A5 /* Debug */,
				CFCFE2A92777A4900091C8A5 /* Release */,
			);
			defaultConfigurationIsVisible = 0;
			defaultConfigurationName = Release;
		};
/* End XCConfigurationList section */

/* Begin XCRemoteSwiftPackageReference section */
		CFCFE2B22779AF990091C8A5 /* XCRemoteSwiftPackageReference "Enzyme" */ = {
			isa = XCRemoteSwiftPackageReference;
			repositoryURL = "https://github.com/ebubekirsezer/Enzyme";
			requirement = {
				kind = upToNextMajorVersion;
				minimumVersion = 1.0.0;
			};
		};
/* End XCRemoteSwiftPackageReference section */

/* Begin XCSwiftPackageProductDependency section */
		CFCFE2B32779AF990091C8A5 /* Enzyme */ = {
			isa = XCSwiftPackageProductDependency;
			package = CFCFE2B22779AF990091C8A5 /* XCRemoteSwiftPackageReference "Enzyme" */;
			productName = Enzyme;
		};
/* End XCSwiftPackageProductDependency section */
	};
	rootObject = CFCFE28B2777A48E0091C8A5 /* Project object */;
}
